// !$*UTF8*$!
{
	archiveVersion = 1;
	classes = {
	};
	objectVersion = 46;
	objects = {

/* Begin PBXBuildFile section */
		42EB7F6D1B8CAF58007C5E79 /* AppDelegate.swift in Sources */ = {isa = PBXBuildFile; fileRef = 42EB7F6C1B8CAF58007C5E79 /* AppDelegate.swift */; };
		42EB7F6F1B8CAF58007C5E79 /* ViewController.swift in Sources */ = {isa = PBXBuildFile; fileRef = 42EB7F6E1B8CAF58007C5E79 /* ViewController.swift */; };
		42EB7F721B8CAF58007C5E79 /* Main.storyboard in Resources */ = {isa = PBXBuildFile; fileRef = 42EB7F701B8CAF58007C5E79 /* Main.storyboard */; };
		42EB7F741B8CAF58007C5E79 /* Images.xcassets in Resources */ = {isa = PBXBuildFile; fileRef = 42EB7F731B8CAF58007C5E79 /* Images.xcassets */; };
		42EB7F831B8CAF58007C5E79 /* CatchMeTests.swift in Sources */ = {isa = PBXBuildFile; fileRef = 42EB7F821B8CAF58007C5E79 /* CatchMeTests.swift */; };
		42EB7F8F1B8DBE81007C5E79 /* HitMe.mp3 in Resources */ = {isa = PBXBuildFile; fileRef = 42EB7F8E1B8DBE81007C5E79 /* HitMe.mp3 */; };
		42EB7F921B8DBF98007C5E79 /* LaunchScreen.xib in Resources */ = {isa = PBXBuildFile; fileRef = 42EB7F901B8DBF97007C5E79 /* LaunchScreen.xib */; };
		42EB7F961B8DC45D007C5E79 /* result.wav in Resources */ = {isa = PBXBuildFile; fileRef = 42EB7F951B8DC45D007C5E79 /* result.wav */; };
/* End PBXBuildFile section */

/* Begin PBXContainerItemProxy section */
		42EB7F7D1B8CAF58007C5E79 /* PBXContainerItemProxy */ = {
			isa = PBXContainerItemProxy;
			containerPortal = 42EB7F5F1B8CAF57007C5E79 /* Project object */;
			proxyType = 1;
			remoteGlobalIDString = 42EB7F661B8CAF57007C5E79;
			remoteInfo = CatchMe;
		};
/* End PBXContainerItemProxy section */

/* Begin PBXFileReference section */
		42EB7F671B8CAF58007C5E79 /* CatchMe.app */ = {isa = PBXFileReference; explicitFileType = wrapper.application; includeInIndex = 0; path = CatchMe.app; sourceTree = BUILT_PRODUCTS_DIR; };
		42EB7F6B1B8CAF58007C5E79 /* Info.plist */ = {isa = PBXFileReference; lastKnownFileType = text.plist.xml; path = Info.plist; sourceTree = "<group>"; };
		42EB7F6C1B8CAF58007C5E79 /* AppDelegate.swift */ = {isa = PBXFileReference; lastKnownFileType = sourcecode.swift; path = AppDelegate.swift; sourceTree = "<group>"; };
		42EB7F6E1B8CAF58007C5E79 /* ViewController.swift */ = {isa = PBXFileReference; lastKnownFileType = sourcecode.swift; path = ViewController.swift; sourceTree = "<group>"; };
		42EB7F711B8CAF58007C5E79 /* Base */ = {isa = PBXFileReference; lastKnownFileType = file.storyboard; name = Base; path = Base.lproj/Main.storyboard; sourceTree = "<group>"; };
		42EB7F731B8CAF58007C5E79 /* Images.xcassets */ = {isa = PBXFileReference; lastKnownFileType = folder.assetcatalog; path = Images.xcassets; sourceTree = "<group>"; };
		42EB7F7C1B8CAF58007C5E79 /* CatchMeTests.xctest */ = {isa = PBXFileReference; explicitFileType = wrapper.cfbundle; includeInIndex = 0; path = CatchMeTests.xctest; sourceTree = BUILT_PRODUCTS_DIR; };
		42EB7F811B8CAF58007C5E79 /* Info.plist */ = {isa = PBXFileReference; lastKnownFileType = text.plist.xml; path = Info.plist; sourceTree = "<group>"; };
		42EB7F821B8CAF58007C5E79 /* CatchMeTests.swift */ = {isa = PBXFileReference; lastKnownFileType = sourcecode.swift; path = CatchMeTests.swift; sourceTree = "<group>"; };
		42EB7F8E1B8DBE81007C5E79 /* HitMe.mp3 */ = {isa = PBXFileReference; lastKnownFileType = audio.mp3; path = HitMe.mp3; sourceTree = "<group>"; };
		42EB7F911B8DBF98007C5E79 /* Base */ = {isa = PBXFileReference; lastKnownFileType = file.xib; name = Base; path = Base.lproj/LaunchScreen.xib; sourceTree = "<group>"; };
		42EB7F951B8DC45D007C5E79 /* result.wav */ = {isa = PBXFileReference; lastKnownFileType = audio.wav; path = result.wav; sourceTree = "<group>"; };
/* End PBXFileReference section */

/* Begin PBXFrameworksBuildPhase section */
		42EB7F641B8CAF57007C5E79 /* Frameworks */ = {
			isa = PBXFrameworksBuildPhase;
			buildActionMask = 2147483647;
			files = (
			);
			runOnlyForDeploymentPostprocessing = 0;
		};
		42EB7F791B8CAF58007C5E79 /* Frameworks */ = {
			isa = PBXFrameworksBuildPhase;
			buildActionMask = 2147483647;
			files = (
			);
			runOnlyForDeploymentPostprocessing = 0;
		};
/* End PBXFrameworksBuildPhase section */

/* Begin PBXGroup section */
		42EB7F5E1B8CAF57007C5E79 = {
			isa = PBXGroup;
			children = (
				42EB7F691B8CAF58007C5E79 /* CatchMe */,
				42EB7F7F1B8CAF58007C5E79 /* CatchMeTests */,
				42EB7F681B8CAF58007C5E79 /* Products */,
			);
			sourceTree = "<group>";
		};
		42EB7F681B8CAF58007C5E79 /* Products */ = {
			isa = PBXGroup;
			children = (
				42EB7F671B8CAF58007C5E79 /* CatchMe.app */,
				42EB7F7C1B8CAF58007C5E79 /* CatchMeTests.xctest */,
			);
			name = Products;
			sourceTree = "<group>";
		};
		42EB7F691B8CAF58007C5E79 /* CatchMe */ = {
			isa = PBXGroup;
			children = (
				42EB7F951B8DC45D007C5E79 /* result.wav */,
				42EB7F8E1B8DBE81007C5E79 /* HitMe.mp3 */,
				42EB7F6C1B8CAF58007C5E79 /* AppDelegate.swift */,
				42EB7F6E1B8CAF58007C5E79 /* ViewController.swift */,
				42EB7F701B8CAF58007C5E79 /* Main.storyboard */,
				42EB7F901B8DBF97007C5E79 /* LaunchScreen.xib */,
				42EB7F731B8CAF58007C5E79 /* Images.xcassets */,
				42EB7F6A1B8CAF58007C5E79 /* Supporting Files */,
			);
			path = CatchMe;
			sourceTree = "<group>";
		};
		42EB7F6A1B8CAF58007C5E79 /* Supporting Files */ = {
			isa = PBXGroup;
			children = (
				42EB7F6B1B8CAF58007C5E79 /* Info.plist */,
			);
			name = "Supporting Files";
			sourceTree = "<group>";
		};
		42EB7F7F1B8CAF58007C5E79 /* CatchMeTests */ = {
			isa = PBXGroup;
			children = (
				42EB7F821B8CAF58007C5E79 /* CatchMeTests.swift */,
				42EB7F801B8CAF58007C5E79 /* Supporting Files */,
			);
			path = CatchMeTests;
			sourceTree = "<group>";
		};
		42EB7F801B8CAF58007C5E79 /* Supporting Files */ = {
			isa = PBXGroup;
			children = (
				42EB7F811B8CAF58007C5E79 /* Info.plist */,
			);
			name = "Supporting Files";
			sourceTree = "<group>";
		};
/* End PBXGroup section */

/* Begin PBXNativeTarget section */
		42EB7F661B8CAF57007C5E79 /* CatchMe */ = {
			isa = PBXNativeTarget;
			buildConfigurationList = 42EB7F861B8CAF58007C5E79 /* Build configuration list for PBXNativeTarget "CatchMe" */;
			buildPhases = (
				42EB7F631B8CAF57007C5E79 /* Sources */,
				42EB7F641B8CAF57007C5E79 /* Frameworks */,
				42EB7F651B8CAF57007C5E79 /* Resources */,
			);
			buildRules = (
			);
			dependencies = (
			);
			name = CatchMe;
			productName = CatchMe;
			productReference = 42EB7F671B8CAF58007C5E79 /* CatchMe.app */;
			productType = "com.apple.product-type.application";
		};
		42EB7F7B1B8CAF58007C5E79 /* CatchMeTests */ = {
			isa = PBXNativeTarget;
			buildConfigurationList = 42EB7F891B8CAF58007C5E79 /* Build configuration list for PBXNativeTarget "CatchMeTests" */;
			buildPhases = (
				42EB7F781B8CAF58007C5E79 /* Sources */,
				42EB7F791B8CAF58007C5E79 /* Frameworks */,
				42EB7F7A1B8CAF58007C5E79 /* Resources */,
			);
			buildRules = (
			);
			dependencies = (
				42EB7F7E1B8CAF58007C5E79 /* PBXTargetDependency */,
			);
			name = CatchMeTests;
			productName = CatchMeTests;
			productReference = 42EB7F7C1B8CAF58007C5E79 /* CatchMeTests.xctest */;
			productType = "com.apple.product-type.bundle.unit-test";
		};
/* End PBXNativeTarget section */

/* Begin PBXProject section */
		42EB7F5F1B8CAF57007C5E79 /* Project object */ = {
			isa = PBXProject;
			attributes = {
				LastUpgradeCheck = 0630;
				ORGANIZATIONNAME = "Ky Nguyen";
				TargetAttributes = {
					42EB7F661B8CAF57007C5E79 = {
						CreatedOnToolsVersion = 6.3.2;
					};
					42EB7F7B1B8CAF58007C5E79 = {
						CreatedOnToolsVersion = 6.3.2;
						TestTargetID = 42EB7F661B8CAF57007C5E79;
					};
				};
			};
			buildConfigurationList = 42EB7F621B8CAF57007C5E79 /* Build configuration list for PBXProject "CatchMe" */;
			compatibilityVersion = "Xcode 3.2";
			developmentRegion = English;
			hasScannedForEncodings = 0;
			knownRegions = (
				en,
				Base,
			);
			mainGroup = 42EB7F5E1B8CAF57007C5E79;
			productRefGroup = 42EB7F681B8CAF58007C5E79 /* Products */;
			projectDirPath = "";
			projectRoot = "";
			targets = (
				42EB7F661B8CAF57007C5E79 /* CatchMe */,
				42EB7F7B1B8CAF58007C5E79 /* CatchMeTests */,
			);
		};
/* End PBXProject section */

/* Begin PBXResourcesBuildPhase section */
		42EB7F651B8CAF57007C5E79 /* Resources */ = {
			isa = PBXResourcesBuildPhase;
			buildActionMask = 2147483647;
			files = (
				42EB7F921B8DBF98007C5E79 /* LaunchScreen.xib in Resources */,
				42EB7F721B8CAF58007C5E79 /* Main.storyboard in Resources */,
				42EB7F8F1B8DBE81007C5E79 /* HitMe.mp3 in Resources */,
				42EB7F741B8CAF58007C5E79 /* Images.xcassets in Resources */,
				42EB7F961B8DC45D007C5E79 /* result.wav in Resources */,
			);
			runOnlyForDeploymentPostprocessing = 0;
		};
		42EB7F7A1B8CAF58007C5E79 /* Resources */ = {
			isa = PBXResourcesBuildPhase;
			buildActionMask = 2147483647;
			files = (
			);
			runOnlyForDeploymentPostprocessing = 0;
		};
/* End PBXResourcesBuildPhase section */

/* Begin PBXSourcesBuildPhase section */
		42EB7F631B8CAF57007C5E79 /* Sources */ = {
			isa = PBXSourcesBuildPhase;
			buildActionMask = 2147483647;
			files = (
				42EB7F6F1B8CAF58007C5E79 /* ViewController.swift in Sources */,
				42EB7F6D1B8CAF58007C5E79 /* AppDelegate.swift in Sources */,
			);
			runOnlyForDeploymentPostprocessing = 0;
		};
		42EB7F781B8CAF58007C5E79 /* Sources */ = {
			isa = PBXSourcesBuildPhase;
			buildActionMask = 2147483647;
			files = (
				42EB7F831B8CAF58007C5E79 /* CatchMeTests.swift in Sources */,
			);
			runOnlyForDeploymentPostprocessing = 0;
		};
/* End PBXSourcesBuildPhase section */

/* Begin PBXTargetDependency section */
		42EB7F7E1B8CAF58007C5E79 /* PBXTargetDependency */ = {
			isa = PBXTargetDependency;
			target = 42EB7F661B8CAF57007C5E79 /* CatchMe */;
			targetProxy = 42EB7F7D1B8CAF58007C5E79 /* PBXContainerItemProxy */;
		};
/* End PBXTargetDependency section */

/* Begin PBXVariantGroup section */
		42EB7F701B8CAF58007C5E79 /* Main.storyboard */ = {
			isa = PBXVariantGroup;
			children = (
				42EB7F711B8CAF58007C5E79 /* Base */,
			);
			name = Main.storyboard;
			sourceTree = "<group>";
		};
		42EB7F901B8DBF97007C5E79 /* LaunchScreen.xib */ = {
			isa = PBXVariantGroup;
			children = (
				42EB7F911B8DBF98007C5E79 /* Base */,
			);
			name = LaunchScreen.xib;
			sourceTree = "<group>";
		};
/* End PBXVariantGroup section */

/* Begin XCBuildConfiguration section */
		42EB7F841B8CAF58007C5E79 /* Debug */ = {
			isa = XCBuildConfiguration;
			buildSettings = {
				ALWAYS_SEARCH_USER_PATHS = NO;
				CLANG_CXX_LANGUAGE_STANDARD = "gnu++0x";
				CLANG_CXX_LIBRARY = "libc++";
				CLANG_ENABLE_MODULES = YES;
				CLANG_ENABLE_OBJC_ARC = YES;
				CLANG_WARN_BOOL_CONVERSION = YES;
				CLANG_WARN_CONSTANT_CONVERSION = YES;
				CLANG_WARN_DIRECT_OBJC_ISA_USAGE = YES_ERROR;
				CLANG_WARN_EMPTY_BODY = YES;
				CLANG_WARN_ENUM_CONVERSION = YES;
				CLANG_WARN_INT_CONVERSION = YES;
				CLANG_WARN_OBJC_ROOT_CLASS = YES_ERROR;
				CLANG_WARN_UNREACHABLE_CODE = YES;
				CLANG_WARN__DUPLICATE_METHOD_MATCH = YES;
				"CODE_SIGN_IDENTITY[sdk=iphoneos*]" = "iPhone Developer";
				COPY_PHASE_STRIP = NO;
				DEBUG_INFORMATION_FORMAT = "dwarf-with-dsym";
				ENABLE_STRICT_OBJC_MSGSEND = YES;
				GCC_C_LANGUAGE_STANDARD = gnu99;
				GCC_DYNAMIC_NO_PIC = NO;
				GCC_NO_COMMON_BLOCKS = YES;
				GCC_OPTIMIZATION_LEVEL = 0;
				GCC_PREPROCESSOR_DEFINITIONS = (
					"DEBUG=1",
					"$(inherited)",
				);
				GCC_SYMBOLS_PRIVATE_EXTERN = NO;
				GCC_WARN_64_TO_32_BIT_CONVERSION = YES;
				GCC_WARN_ABOUT_RETURN_TYPE = YES_ERROR;
				GCC_WARN_UNDECLARED_SELECTOR = YES;
				GCC_WARN_UNINITIALIZED_AUTOS = YES_AGGRESSIVE;
				GCC_WARN_UNUSED_FUNCTION = YES;
				GCC_WARN_UNUSED_VARIABLE = YES;
				IPHONEOS_DEPLOYMENT_TARGET = 8.3;
				MTL_ENABLE_DEBUG_INFO = YES;
				ONLY_ACTIVE_ARCH = YES;
				SDKROOT = iphoneos;
				SWIFT_OPTIMIZATION_LEVEL = "-Onone";
			};
			name = Debug;
		};
		42EB7F851B8CAF58007C5E79 /* Release */ = {
			isa = XCBuildConfiguration;
			buildSettings = {
				ALWAYS_SEARCH_USER_PATHS = NO;
				CLANG_CXX_LANGUAGE_STANDARD = "gnu++0x";
				CLANG_CXX_LIBRARY = "libc++";
				CLANG_ENABLE_MODULES = YES;
				CLANG_ENABLE_OBJC_ARC = YES;
				CLANG_WARN_BOOL_CONVERSION = YES;
				CLANG_WARN_CONSTANT_CONVERSION = YES;
				CLANG_WARN_DIRECT_OBJC_ISA_USAGE = YES_ERROR;
				CLANG_WARN_EMPTY_BODY = YES;
				CLANG_WARN_ENUM_CONVERSION = YES;
				CLANG_WARN_INT_CONVERSION = YES;
				CLANG_WARN_OBJC_ROOT_CLASS = YES_ERROR;
				CLANG_WARN_UNREACHABLE_CODE = YES;
				CLANG_WARN__DUPLICATE_METHOD_MATCH = YES;
				"CODE_SIGN_IDENTITY[sdk=iphoneos*]" = "iPhone Developer";
				COPY_PHASE_STRIP = NO;
				DEBUG_INFORMATION_FORMAT = "dwarf-with-dsym";
				ENABLE_NS_ASSERTIONS = NO;
				ENABLE_STRICT_OBJC_MSGSEND = YES;
				GCC_C_LANGUAGE_STANDARD = gnu99;
				GCC_NO_COMMON_BLOCKS = YES;
				GCC_WARN_64_TO_32_BIT_CONVERSION = YES;
				GCC_WARN_ABOUT_RETURN_TYPE = YES_ERROR;
				GCC_WARN_UNDECLARED_SELECTOR = YES;
				GCC_WARN_UNINITIALIZED_AUTOS = YES_AGGRESSIVE;
				GCC_WARN_UNUSED_FUNCTION = YES;
				GCC_WARN_UNUSED_VARIABLE = YES;
				IPHONEOS_DEPLOYMENT_TARGET = 8.3;
				MTL_ENABLE_DEBUG_INFO = NO;
				SDKROOT = iphoneos;
				VALIDATE_PRODUCT = YES;
			};
			name = Release;
		};
		42EB7F871B8CAF58007C5E79 /* Debug */ = {
			isa = XCBuildConfiguration;
			buildSettings = {
				ASSETCATALOG_COMPILER_APPICON_NAME = AppIcon;
				INFOPLIST_FILE = CatchMe/Info.plist;
				LD_RUNPATH_SEARCH_PATHS = "$(inherited) @executable_path/Frameworks";
				PRODUCT_NAME = "$(TARGET_NAME)";
			};
			name = Debug;
		};
		42EB7F881B8CAF58007C5E79 /* Release */ = {
			isa = XCBuildConfiguration;
			buildSettings = {
				ASSETCATALOG_COMPILER_APPICON_NAME = AppIcon;
				INFOPLIST_FILE = CatchMe/Info.plist;
				LD_RUNPATH_SEARCH_PATHS = "$(inherited) @executable_path/Frameworks";
				PRODUCT_NAME = "$(TARGET_NAME)";
			};
			name = Release;
		};
		42EB7F8A1B8CAF58007C5E79 /* Debug */ = {
			isa = XCBuildConfiguration;
			buildSettings = {
				BUNDLE_LOADER = "$(TEST_HOST)";
				FRAMEWORK_SEARCH_PATHS = (
					"$(SDKROOT)/Developer/Library/Frameworks",
					"$(inherited)",
				);
				GCC_PREPROCESSOR_DEFINITIONS = (
					"DEBUG=1",
					"$(inherited)",
				);
				INFOPLIST_FILE = CatchMeTests/Info.plist;
				LD_RUNPATH_SEARCH_PATHS = "$(inherited) @executable_path/Frameworks @loader_path/Frameworks";
				PRODUCT_NAME = "$(TARGET_NAME)";
				TEST_HOST = "$(BUILT_PRODUCTS_DIR)/CatchMe.app/CatchMe";
			};
			name = Debug;
		};
		42EB7F8B1B8CAF58007C5E79 /* Release */ = {
			isa = XCBuildConfiguration;
			buildSettings = {
				BUNDLE_LOADER = "$(TEST_HOST)";
				FRAMEWORK_SEARCH_PATHS = (
					"$(SDKROOT)/Developer/Library/Frameworks",
					"$(inherited)",
				);
				INFOPLIST_FILE = CatchMeTests/Info.plist;
				LD_RUNPATH_SEARCH_PATHS = "$(inherited) @executable_path/Frameworks @loader_path/Frameworks";
				PRODUCT_NAME = "$(TARGET_NAME)";
				TEST_HOST = "$(BUILT_PRODUCTS_DIR)/CatchMe.app/CatchMe";
			};
			name = Release;
		};
/* End XCBuildConfiguration section */

/* Begin XCConfigurationList section */
		42EB7F621B8CAF57007C5E79 /* Build configuration list for PBXProject "CatchMe" */ = {
			isa = XCConfigurationList;
			buildConfigurations = (
				42EB7F841B8CAF58007C5E79 /* Debug */,
				42EB7F851B8CAF58007C5E79 /* Release */,
			);
			defaultConfigurationIsVisible = 0;
			defaultConfigurationName = Release;
		};
		42EB7F861B8CAF58007C5E79 /* Build configuration list for PBXNativeTarget "CatchMe" */ = {
			isa = XCConfigurationList;
			buildConfigurations = (
				42EB7F871B8CAF58007C5E79 /* Debug */,
				42EB7F881B8CAF58007C5E79 /* Release */,
			);
			defaultConfigurationIsVisible = 0;
		};
		42EB7F891B8CAF58007C5E79 /* Build configuration list for PBXNativeTarget "CatchMeTests" */ = {
			isa = XCConfigurationList;
			buildConfigurations = (
				42EB7F8A1B8CAF58007C5E79 /* Debug */,
				42EB7F8B1B8CAF58007C5E79 /* Release */,
			);
			defaultConfigurationIsVisible = 0;
		};
/* End XCConfigurationList section */
	};
	rootObject = 42EB7F5F1B8CAF57007C5E79 /* Project object */;
}
